
Microsoft Visual Studio Solution File, Format Version 12.00
# Visual Studio 15
Project("{FAE04EC0-301F-11D3-BF4B-00C04F79EFBC}") = "Zeilgame Project Minor 2018", "Assembly-CSharp.csproj", "{BEB7D5AC-F2A7-29F9-A33A-7EA3DBD3F73E}"
EndProject
Global
	GlobalSection(SolutionConfigurationPlatforms) = preSolution
		Debug|Any CPU = Debug|Any CPU
		Release|Any CPU = Release|Any CPU
	EndGlobalSection
	GlobalSection(ProjectConfigurationPlatforms) = postSolution
		{BEB7D5AC-F2A7-29F9-A33A-7EA3DBD3F73E}.Debug|Any CPU.ActiveCfg = Debug|Any CPU
		{BEB7D5AC-F2A7-29F9-A33A-7EA3DBD3F73E}.Debug|Any CPU.Build.0 = Debug|Any CPU
		{BEB7D5AC-F2A7-29F9-A33A-7EA3DBD3F73E}.Release|Any CPU.ActiveCfg = Release|Any CPU
		{BEB7D5AC-F2A7-29F9-A33A-7EA3DBD3F73E}.Release|Any CPU.Build.0 = Release|Any CPU
	EndGlobalSection
	GlobalSection(SolutionProperties) = preSolution
		HideSolutionNode = FALSE
	EndGlobalSection
EndGlobal
